
Microsoft Visual Studio Solution File, Format Version 12.00
# Visual Studio Version 17
VisualStudioVersion = 17.14.36603.0 d17.14
MinimumVisualStudioVersion = 10.0.40219.1
Project("{FAE04EC0-301F-11D3-BF4B-00C04F79EFBC}") = "Semaforo", "Semaforo\Semaforo.csproj", "{415CAFA5-B8EE-40BD-9113-D7AC95A9FEB9}"
EndProject
Global
	GlobalSection(SolutionConfigurationPlatforms) = preSolution
		Debug|Any CPU = Debug|Any CPU
		Release|Any CPU = Release|Any CPU
	EndGlobalSection
	GlobalSection(ProjectConfigurationPlatforms) = postSolution
		{415CAFA5-B8EE-40BD-9113-D7AC95A9FEB9}.Debug|Any CPU.ActiveCfg = Debug|Any CPU
		{415CAFA5-B8EE-40BD-9113-D7AC95A9FEB9}.Debug|Any CPU.Build.0 = Debug|Any CPU
		{415CAFA5-B8EE-40BD-9113-D7AC95A9FEB9}.Debug|Any CPU.Deploy.0 = Debug|Any CPU
		{415CAFA5-B8EE-40BD-9113-D7AC95A9FEB9}.Release|Any CPU.ActiveCfg = Release|Any CPU
		{415CAFA5-B8EE-40BD-9113-D7AC95A9FEB9}.Release|Any CPU.Build.0 = Release|Any CPU
	EndGlobalSection
	GlobalSection(SolutionProperties) = preSolution
		HideSolutionNode = FALSE
	EndGlobalSection
	GlobalSection(ExtensibilityGlobals) = postSolution
		SolutionGuid = {220C07A5-49D1-4354-9B59-A0D7F598CF91}
	EndGlobalSection
EndGlobal
